
Microsoft Visual Studio Solution File, Format Version 12.00
# Visual Studio Version 17
VisualStudioVersion = 17.9.34902.65
MinimumVisualStudioVersion = 10.0.40219.1
Project("{8BC9CEB8-8B4A-11D0-8D11-00A0C91BC942}") = "001_Basic", "001_Basic\001_Basic.vcxproj", "{4E90C868-E2F6-48C0-85C7-09554186D36D}"
EndProject
Project("{8BC9CEB8-8B4A-11D0-8D11-00A0C91BC942}") = "002_Addition", "002_Addition\002_Addition.vcxproj", "{3A2BE256-4927-4A1D-A7EF-96772D31E3FA}"
EndProject
Project("{8BC9CEB8-8B4A-11D0-8D11-00A0C91BC942}") = "003_CallStack", "003_CallStack\003_CallStack.vcxproj", "{E7FEE569-9DF2-4832-B1B9-26CCD12BF73E}"
EndProject
Project("{8BC9CEB8-8B4A-11D0-8D11-00A0C91BC942}") = "004_Extern", "004_Extern\004_Extern.vcxproj", "{78E400E5-4E41-40EE-9F1E-49531325146C}"
EndProject
Project("{8BC9CEB8-8B4A-11D0-8D11-00A0C91BC942}") = "005_Pointers", "005_Pointers\005_Pointers.vcxproj", "{7CC57589-B8D1-4888-8A31-DFBF2F0402CE}"
EndProject
Project("{8BC9CEB8-8B4A-11D0-8D11-00A0C91BC942}") = "006_FunctionPointers", "006_FunctionPointers\006_FunctionPointers.vcxproj", "{7F263B58-8493-4BBE-9BF7-7222A1A81A5F}"
EndProject
Project("{8BC9CEB8-8B4A-11D0-8D11-00A0C91BC942}") = "007_ReturningPointerReference", "007_ReturningPointerReference\007_ReturningPointerReference.vcxproj", "{25D315D4-62D2-44AB-A11B-D66D61CF8E9E}"
EndProject
Project("{8BC9CEB8-8B4A-11D0-8D11-00A0C91BC942}") = "008_Constant", "008_Constant\008_Constant.vcxproj", "{75937A4D-7D73-4D04-9390-6C7B88CEF593}"
EndProject
Project("{8BC9CEB8-8B4A-11D0-8D11-00A0C91BC942}") = "009_DynMemory", "009_DynMemory\009_DynMemory.vcxproj", "{FEA871D1-850A-4613-81D3-7E426F42810F}"
EndProject
Project("{8BC9CEB8-8B4A-11D0-8D11-00A0C91BC942}") = "010_FunctionOverloading", "010_FunctionOverloading\010_FunctionOverloading.vcxproj", "{D4DFD985-CB97-4B44-BBA3-33B5C9860DCB}"
EndProject
Project("{8BC9CEB8-8B4A-11D0-8D11-00A0C91BC942}") = "011_DefaultArgs", "011_DefaultArgs\011_DefaultArgs.vcxproj", "{65670A92-6373-4CC1-9ACA-02C1B480A6E9}"
EndProject
Project("{8BC9CEB8-8B4A-11D0-8D11-00A0C91BC942}") = "012_Structures", "012_Structures\012_Structures.vcxproj", "{81DF4D71-9145-42E4-B74A-251EED6FF731}"
EndProject
Project("{8BC9CEB8-8B4A-11D0-8D11-00A0C91BC942}") = "013_ClassTime", "013_ClassTime\013_ClassTime.vcxproj", "{BB8A189B-C206-4843-9D50-D9B0D4DEECE6}"
EndProject
Project("{8BC9CEB8-8B4A-11D0-8D11-00A0C91BC942}") = "014_ClassString", "014_ClassString\014_ClassString.vcxproj", "{93E47B0F-70C9-40DB-A0CC-8B20E4475DE3}"
EndProject
Project("{8BC9CEB8-8B4A-11D0-8D11-00A0C91BC942}") = "015_StdString", "015_StdString\015_StdString.vcxproj", "{D8EC700D-9671-4A96-B750-9547C4152DF6}"
EndProject
Project("{8BC9CEB8-8B4A-11D0-8D11-00A0C91BC942}") = "016_Namespaces", "015_Namespaces\015_Namespaces.vcxproj", "{72A5AF55-908E-4F9B-B86A-A962655DD797}"
EndProject
Project("{8BC9CEB8-8B4A-11D0-8D11-00A0C91BC942}") = "017_ConstantAttributes", "017_ConstantAttributes\017_ConstantAttributes.vcxproj", "{4FAC0C90-AA58-408B-AA2A-45E24789FAC0}"
EndProject
Project("{8BC9CEB8-8B4A-11D0-8D11-00A0C91BC942}") = "018_StaticMembers", "018_StaticMembers\018_StaticMembers.vcxproj", "{4C65DB81-96CA-4C42-96CE-3A9689BFDE63}"
EndProject
Project("{8BC9CEB8-8B4A-11D0-8D11-00A0C91BC942}") = "019_OverloadSubscript", "019_OverloadSubscript\019_OverloadSubscript.vcxproj", "{5ABEF8CF-861F-40C0-B896-3D32557A781F}"
EndProject
Project("{8BC9CEB8-8B4A-11D0-8D11-00A0C91BC942}") = "020_NewDelete", "020_NewDelete\020_NewDelete.vcxproj", "{8F22429B-83F2-46FC-BFDE-5F84D81BD4EA}"
EndProject
Project("{8BC9CEB8-8B4A-11D0-8D11-00A0C91BC942}") = "021_RestrictingObjectCreation", "021_RestrictngObjectCreation\021_RestrictngObjectCreation.vcxproj", "{01764801-269E-4E71-A6B6-D7ADCC10192B}"
EndProject
Project("{8BC9CEB8-8B4A-11D0-8D11-00A0C91BC942}") = "022_SmartPtr", "021_SmartPtr\021_SmartPtr.vcxproj", "{5CB67F98-1CE0-4F59-B323-5EAC75FF1ABD}"
EndProject
Project("{8BC9CEB8-8B4A-11D0-8D11-00A0C91BC942}") = "023_TypeConversions", "023_TypeConversions\023_TypeConversions.vcxproj", "{5A80E87F-7FF8-4915-90C8-1D6DA8AB1B6A}"
EndProject
Project("{8BC9CEB8-8B4A-11D0-8D11-00A0C91BC942}") = "024_PIMPL", "024_PIMPL\024_PIMPL.vcxproj", "{63E28189-1077-4F0A-83D7-7613ED5F036E}"
EndProject
Project("{8BC9CEB8-8B4A-11D0-8D11-00A0C91BC942}") = "025_Composition", "025_Composition\025_Composition.vcxproj", "{FFFC9A6F-ADE2-495F-8C40-C3DC99585E4B}"
EndProject
Project("{8BC9CEB8-8B4A-11D0-8D11-00A0C91BC942}") = "026_Inheritance", "026_Inheritance\026_Inheritance.vcxproj", "{A8A89C65-2D36-492D-A456-8C9317FD82CC}"
EndProject
Global
	GlobalSection(SolutionConfigurationPlatforms) = preSolution
		Debug|x64 = Debug|x64
		Debug|x86 = Debug|x86
		Release|x64 = Release|x64
		Release|x86 = Release|x86
	EndGlobalSection
	GlobalSection(ProjectConfigurationPlatforms) = postSolution
		{4E90C868-E2F6-48C0-85C7-09554186D36D}.Debug|x64.ActiveCfg = Debug|x64
		{4E90C868-E2F6-48C0-85C7-09554186D36D}.Debug|x64.Build.0 = Debug|x64
		{4E90C868-E2F6-48C0-85C7-09554186D36D}.Debug|x86.ActiveCfg = Debug|Win32
		{4E90C868-E2F6-48C0-85C7-09554186D36D}.Debug|x86.Build.0 = Debug|Win32
		{4E90C868-E2F6-48C0-85C7-09554186D36D}.Release|x64.ActiveCfg = Release|x64
		{4E90C868-E2F6-48C0-85C7-09554186D36D}.Release|x64.Build.0 = Release|x64
		{4E90C868-E2F6-48C0-85C7-09554186D36D}.Release|x86.ActiveCfg = Release|Win32
		{4E90C868-E2F6-48C0-85C7-09554186D36D}.Release|x86.Build.0 = Release|Win32
		{3A2BE256-4927-4A1D-A7EF-96772D31E3FA}.Debug|x64.ActiveCfg = Debug|x64
		{3A2BE256-4927-4A1D-A7EF-96772D31E3FA}.Debug|x64.Build.0 = Debug|x64
		{3A2BE256-4927-4A1D-A7EF-96772D31E3FA}.Debug|x86.ActiveCfg = Debug|Win32
		{3A2BE256-4927-4A1D-A7EF-96772D31E3FA}.Debug|x86.Build.0 = Debug|Win32
		{3A2BE256-4927-4A1D-A7EF-96772D31E3FA}.Release|x64.ActiveCfg = Release|x64
		{3A2BE256-4927-4A1D-A7EF-96772D31E3FA}.Release|x64.Build.0 = Release|x64
		{3A2BE256-4927-4A1D-A7EF-96772D31E3FA}.Release|x86.ActiveCfg = Release|Win32
		{3A2BE256-4927-4A1D-A7EF-96772D31E3FA}.Release|x86.Build.0 = Release|Win32
		{E7FEE569-9DF2-4832-B1B9-26CCD12BF73E}.Debug|x64.ActiveCfg = Debug|x64
		{E7FEE569-9DF2-4832-B1B9-26CCD12BF73E}.Debug|x64.Build.0 = Debug|x64
		{E7FEE569-9DF2-4832-B1B9-26CCD12BF73E}.Debug|x86.ActiveCfg = Debug|Win32
		{E7FEE569-9DF2-4832-B1B9-26CCD12BF73E}.Debug|x86.Build.0 = Debug|Win32
		{E7FEE569-9DF2-4832-B1B9-26CCD12BF73E}.Release|x64.ActiveCfg = Release|x64
		{E7FEE569-9DF2-4832-B1B9-26CCD12BF73E}.Release|x64.Build.0 = Release|x64
		{E7FEE569-9DF2-4832-B1B9-26CCD12BF73E}.Release|x86.ActiveCfg = Release|Win32
		{E7FEE569-9DF2-4832-B1B9-26CCD12BF73E}.Release|x86.Build.0 = Release|Win32
		{78E400E5-4E41-40EE-9F1E-49531325146C}.Debug|x64.ActiveCfg = Debug|x64
		{78E400E5-4E41-40EE-9F1E-49531325146C}.Debug|x64.Build.0 = Debug|x64
		{78E400E5-4E41-40EE-9F1E-49531325146C}.Debug|x86.ActiveCfg = Debug|Win32
		{78E400E5-4E41-40EE-9F1E-49531325146C}.Debug|x86.Build.0 = Debug|Win32
		{78E400E5-4E41-40EE-9F1E-49531325146C}.Release|x64.ActiveCfg = Release|x64
		{78E400E5-4E41-40EE-9F1E-49531325146C}.Release|x64.Build.0 = Release|x64
		{78E400E5-4E41-40EE-9F1E-49531325146C}.Release|x86.ActiveCfg = Release|Win32
		{78E400E5-4E41-40EE-9F1E-49531325146C}.Release|x86.Build.0 = Release|Win32
		{7CC57589-B8D1-4888-8A31-DFBF2F0402CE}.Debug|x64.ActiveCfg = Debug|x64
		{7CC57589-B8D1-4888-8A31-DFBF2F0402CE}.Debug|x64.Build.0 = Debug|x64
		{7CC57589-B8D1-4888-8A31-DFBF2F0402CE}.Debug|x86.ActiveCfg = Debug|Win32
		{7CC57589-B8D1-4888-8A31-DFBF2F0402CE}.Debug|x86.Build.0 = Debug|Win32
		{7CC57589-B8D1-4888-8A31-DFBF2F0402CE}.Release|x64.ActiveCfg = Release|x64
		{7CC57589-B8D1-4888-8A31-DFBF2F0402CE}.Release|x64.Build.0 = Release|x64
		{7CC57589-B8D1-4888-8A31-DFBF2F0402CE}.Release|x86.ActiveCfg = Release|Win32
		{7CC57589-B8D1-4888-8A31-DFBF2F0402CE}.Release|x86.Build.0 = Release|Win32
		{7F263B58-8493-4BBE-9BF7-7222A1A81A5F}.Debug|x64.ActiveCfg = Debug|x64
		{7F263B58-8493-4BBE-9BF7-7222A1A81A5F}.Debug|x64.Build.0 = Debug|x64
		{7F263B58-8493-4BBE-9BF7-7222A1A81A5F}.Debug|x86.ActiveCfg = Debug|Win32
		{7F263B58-8493-4BBE-9BF7-7222A1A81A5F}.Debug|x86.Build.0 = Debug|Win32
		{7F263B58-8493-4BBE-9BF7-7222A1A81A5F}.Release|x64.ActiveCfg = Release|x64
		{7F263B58-8493-4BBE-9BF7-7222A1A81A5F}.Release|x64.Build.0 = Release|x64
		{7F263B58-8493-4BBE-9BF7-7222A1A81A5F}.Release|x86.ActiveCfg = Release|Win32
		{7F263B58-8493-4BBE-9BF7-7222A1A81A5F}.Release|x86.Build.0 = Release|Win32
		{25D315D4-62D2-44AB-A11B-D66D61CF8E9E}.Debug|x64.ActiveCfg = Debug|x64
		{25D315D4-62D2-44AB-A11B-D66D61CF8E9E}.Debug|x64.Build.0 = Debug|x64
		{25D315D4-62D2-44AB-A11B-D66D61CF8E9E}.Debug|x86.ActiveCfg = Debug|Win32
		{25D315D4-62D2-44AB-A11B-D66D61CF8E9E}.Debug|x86.Build.0 = Debug|Win32
		{25D315D4-62D2-44AB-A11B-D66D61CF8E9E}.Release|x64.ActiveCfg = Release|x64
		{25D315D4-62D2-44AB-A11B-D66D61CF8E9E}.Release|x64.Build.0 = Release|x64
		{25D315D4-62D2-44AB-A11B-D66D61CF8E9E}.Release|x86.ActiveCfg = Release|Win32
		{25D315D4-62D2-44AB-A11B-D66D61CF8E9E}.Release|x86.Build.0 = Release|Win32
		{75937A4D-7D73-4D04-9390-6C7B88CEF593}.Debug|x64.ActiveCfg = Debug|x64
		{75937A4D-7D73-4D04-9390-6C7B88CEF593}.Debug|x64.Build.0 = Debug|x64
		{75937A4D-7D73-4D04-9390-6C7B88CEF593}.Debug|x86.ActiveCfg = Debug|Win32
		{75937A4D-7D73-4D04-9390-6C7B88CEF593}.Debug|x86.Build.0 = Debug|Win32
		{75937A4D-7D73-4D04-9390-6C7B88CEF593}.Release|x64.ActiveCfg = Release|x64
		{75937A4D-7D73-4D04-9390-6C7B88CEF593}.Release|x64.Build.0 = Release|x64
		{75937A4D-7D73-4D04-9390-6C7B88CEF593}.Release|x86.ActiveCfg = Release|Win32
		{75937A4D-7D73-4D04-9390-6C7B88CEF593}.Release|x86.Build.0 = Release|Win32
		{FEA871D1-850A-4613-81D3-7E426F42810F}.Debug|x64.ActiveCfg = Debug|x64
		{FEA871D1-850A-4613-81D3-7E426F42810F}.Debug|x64.Build.0 = Debug|x64
		{FEA871D1-850A-4613-81D3-7E426F42810F}.Debug|x86.ActiveCfg = Debug|Win32
		{FEA871D1-850A-4613-81D3-7E426F42810F}.Debug|x86.Build.0 = Debug|Win32
		{FEA871D1-850A-4613-81D3-7E426F42810F}.Release|x64.ActiveCfg = Release|x64
		{FEA871D1-850A-4613-81D3-7E426F42810F}.Release|x64.Build.0 = Release|x64
		{FEA871D1-850A-4613-81D3-7E426F42810F}.Release|x86.ActiveCfg = Release|Win32
		{FEA871D1-850A-4613-81D3-7E426F42810F}.Release|x86.Build.0 = Release|Win32
		{D4DFD985-CB97-4B44-BBA3-33B5C9860DCB}.Debug|x64.ActiveCfg = Debug|x64
		{D4DFD985-CB97-4B44-BBA3-33B5C9860DCB}.Debug|x64.Build.0 = Debug|x64
		{D4DFD985-CB97-4B44-BBA3-33B5C9860DCB}.Debug|x86.ActiveCfg = Debug|Win32
		{D4DFD985-CB97-4B44-BBA3-33B5C9860DCB}.Debug|x86.Build.0 = Debug|Win32
		{D4DFD985-CB97-4B44-BBA3-33B5C9860DCB}.Release|x64.ActiveCfg = Release|x64
		{D4DFD985-CB97-4B44-BBA3-33B5C9860DCB}.Release|x64.Build.0 = Release|x64
		{D4DFD985-CB97-4B44-BBA3-33B5C9860DCB}.Release|x86.ActiveCfg = Release|Win32
		{D4DFD985-CB97-4B44-BBA3-33B5C9860DCB}.Release|x86.Build.0 = Release|Win32
		{65670A92-6373-4CC1-9ACA-02C1B480A6E9}.Debug|x64.ActiveCfg = Debug|x64
		{65670A92-6373-4CC1-9ACA-02C1B480A6E9}.Debug|x64.Build.0 = Debug|x64
		{65670A92-6373-4CC1-9ACA-02C1B480A6E9}.Debug|x86.ActiveCfg = Debug|Win32
		{65670A92-6373-4CC1-9ACA-02C1B480A6E9}.Debug|x86.Build.0 = Debug|Win32
		{65670A92-6373-4CC1-9ACA-02C1B480A6E9}.Release|x64.ActiveCfg = Release|x64
		{65670A92-6373-4CC1-9ACA-02C1B480A6E9}.Release|x64.Build.0 = Release|x64
		{65670A92-6373-4CC1-9ACA-02C1B480A6E9}.Release|x86.ActiveCfg = Release|Win32
		{65670A92-6373-4CC1-9ACA-02C1B480A6E9}.Release|x86.Build.0 = Release|Win32
		{81DF4D71-9145-42E4-B74A-251EED6FF731}.Debug|x64.ActiveCfg = Debug|x64
		{81DF4D71-9145-42E4-B74A-251EED6FF731}.Debug|x64.Build.0 = Debug|x64
		{81DF4D71-9145-42E4-B74A-251EED6FF731}.Debug|x86.ActiveCfg = Debug|Win32
		{81DF4D71-9145-42E4-B74A-251EED6FF731}.Debug|x86.Build.0 = Debug|Win32
		{81DF4D71-9145-42E4-B74A-251EED6FF731}.Release|x64.ActiveCfg = Release|x64
		{81DF4D71-9145-42E4-B74A-251EED6FF731}.Release|x64.Build.0 = Release|x64
		{81DF4D71-9145-42E4-B74A-251EED6FF731}.Release|x86.ActiveCfg = Release|Win32
		{81DF4D71-9145-42E4-B74A-251EED6FF731}.Release|x86.Build.0 = Release|Win32
		{BB8A189B-C206-4843-9D50-D9B0D4DEECE6}.Debug|x64.ActiveCfg = Debug|x64
		{BB8A189B-C206-4843-9D50-D9B0D4DEECE6}.Debug|x64.Build.0 = Debug|x64
		{BB8A189B-C206-4843-9D50-D9B0D4DEECE6}.Debug|x86.ActiveCfg = Debug|Win32
		{BB8A189B-C206-4843-9D50-D9B0D4DEECE6}.Debug|x86.Build.0 = Debug|Win32
		{BB8A189B-C206-4843-9D50-D9B0D4DEECE6}.Release|x64.ActiveCfg = Release|x64
		{BB8A189B-C206-4843-9D50-D9B0D4DEECE6}.Release|x64.Build.0 = Release|x64
		{BB8A189B-C206-4843-9D50-D9B0D4DEECE6}.Release|x86.ActiveCfg = Release|Win32
		{BB8A189B-C206-4843-9D50-D9B0D4DEECE6}.Release|x86.Build.0 = Release|Win32
		{93E47B0F-70C9-40DB-A0CC-8B20E4475DE3}.Debug|x64.ActiveCfg = Debug|x64
		{93E47B0F-70C9-40DB-A0CC-8B20E4475DE3}.Debug|x64.Build.0 = Debug|x64
		{93E47B0F-70C9-40DB-A0CC-8B20E4475DE3}.Debug|x86.ActiveCfg = Debug|Win32
		{93E47B0F-70C9-40DB-A0CC-8B20E4475DE3}.Debug|x86.Build.0 = Debug|Win32
		{93E47B0F-70C9-40DB-A0CC-8B20E4475DE3}.Release|x64.ActiveCfg = Release|x64
		{93E47B0F-70C9-40DB-A0CC-8B20E4475DE3}.Release|x64.Build.0 = Release|x64
		{93E47B0F-70C9-40DB-A0CC-8B20E4475DE3}.Release|x86.ActiveCfg = Release|Win32
		{93E47B0F-70C9-40DB-A0CC-8B20E4475DE3}.Release|x86.Build.0 = Release|Win32
		{D8EC700D-9671-4A96-B750-9547C4152DF6}.Debug|x64.ActiveCfg = Debug|x64
		{D8EC700D-9671-4A96-B750-9547C4152DF6}.Debug|x64.Build.0 = Debug|x64
		{D8EC700D-9671-4A96-B750-9547C4152DF6}.Debug|x86.ActiveCfg = Debug|Win32
		{D8EC700D-9671-4A96-B750-9547C4152DF6}.Debug|x86.Build.0 = Debug|Win32
		{D8EC700D-9671-4A96-B750-9547C4152DF6}.Release|x64.ActiveCfg = Release|x64
		{D8EC700D-9671-4A96-B750-9547C4152DF6}.Release|x64.Build.0 = Release|x64
		{D8EC700D-9671-4A96-B750-9547C4152DF6}.Release|x86.ActiveCfg = Release|Win32
		{D8EC700D-9671-4A96-B750-9547C4152DF6}.Release|x86.Build.0 = Release|Win32
		{72A5AF55-908E-4F9B-B86A-A962655DD797}.Debug|x64.ActiveCfg = Debug|x64
		{72A5AF55-908E-4F9B-B86A-A962655DD797}.Debug|x64.Build.0 = Debug|x64
		{72A5AF55-908E-4F9B-B86A-A962655DD797}.Debug|x86.ActiveCfg = Debug|Win32
		{72A5AF55-908E-4F9B-B86A-A962655DD797}.Debug|x86.Build.0 = Debug|Win32
		{72A5AF55-908E-4F9B-B86A-A962655DD797}.Release|x64.ActiveCfg = Release|x64
		{72A5AF55-908E-4F9B-B86A-A962655DD797}.Release|x64.Build.0 = Release|x64
		{72A5AF55-908E-4F9B-B86A-A962655DD797}.Release|x86.ActiveCfg = Release|Win32
		{72A5AF55-908E-4F9B-B86A-A962655DD797}.Release|x86.Build.0 = Release|Win32
		{4FAC0C90-AA58-408B-AA2A-45E24789FAC0}.Debug|x64.ActiveCfg = Debug|x64
		{4FAC0C90-AA58-408B-AA2A-45E24789FAC0}.Debug|x64.Build.0 = Debug|x64
		{4FAC0C90-AA58-408B-AA2A-45E24789FAC0}.Debug|x86.ActiveCfg = Debug|Win32
		{4FAC0C90-AA58-408B-AA2A-45E24789FAC0}.Debug|x86.Build.0 = Debug|Win32
		{4FAC0C90-AA58-408B-AA2A-45E24789FAC0}.Release|x64.ActiveCfg = Release|x64
		{4FAC0C90-AA58-408B-AA2A-45E24789FAC0}.Release|x64.Build.0 = Release|x64
		{4FAC0C90-AA58-408B-AA2A-45E24789FAC0}.Release|x86.ActiveCfg = Release|Win32
		{4FAC0C90-AA58-408B-AA2A-45E24789FAC0}.Release|x86.Build.0 = Release|Win32
		{4C65DB81-96CA-4C42-96CE-3A9689BFDE63}.Debug|x64.ActiveCfg = Debug|x64
		{4C65DB81-96CA-4C42-96CE-3A9689BFDE63}.Debug|x64.Build.0 = Debug|x64
		{4C65DB81-96CA-4C42-96CE-3A9689BFDE63}.Debug|x86.ActiveCfg = Debug|Win32
		{4C65DB81-96CA-4C42-96CE-3A9689BFDE63}.Debug|x86.Build.0 = Debug|Win32
		{4C65DB81-96CA-4C42-96CE-3A9689BFDE63}.Release|x64.ActiveCfg = Release|x64
		{4C65DB81-96CA-4C42-96CE-3A9689BFDE63}.Release|x64.Build.0 = Release|x64
		{4C65DB81-96CA-4C42-96CE-3A9689BFDE63}.Release|x86.ActiveCfg = Release|Win32
		{4C65DB81-96CA-4C42-96CE-3A9689BFDE63}.Release|x86.Build.0 = Release|Win32
		{5ABEF8CF-861F-40C0-B896-3D32557A781F}.Debug|x64.ActiveCfg = Debug|x64
		{5ABEF8CF-861F-40C0-B896-3D32557A781F}.Debug|x64.Build.0 = Debug|x64
		{5ABEF8CF-861F-40C0-B896-3D32557A781F}.Debug|x86.ActiveCfg = Debug|Win32
		{5ABEF8CF-861F-40C0-B896-3D32557A781F}.Debug|x86.Build.0 = Debug|Win32
		{5ABEF8CF-861F-40C0-B896-3D32557A781F}.Release|x64.ActiveCfg = Release|x64
		{5ABEF8CF-861F-40C0-B896-3D32557A781F}.Release|x64.Build.0 = Release|x64
		{5ABEF8CF-861F-40C0-B896-3D32557A781F}.Release|x86.ActiveCfg = Release|Win32
		{5ABEF8CF-861F-40C0-B896-3D32557A781F}.Release|x86.Build.0 = Release|Win32
		{8F22429B-83F2-46FC-BFDE-5F84D81BD4EA}.Debug|x64.ActiveCfg = Debug|x64
		{8F22429B-83F2-46FC-BFDE-5F84D81BD4EA}.Debug|x64.Build.0 = Debug|x64
		{8F22429B-83F2-46FC-BFDE-5F84D81BD4EA}.Debug|x86.ActiveCfg = Debug|Win32
		{8F22429B-83F2-46FC-BFDE-5F84D81BD4EA}.Debug|x86.Build.0 = Debug|Win32
		{8F22429B-83F2-46FC-BFDE-5F84D81BD4EA}.Release|x64.ActiveCfg = Release|x64
		{8F22429B-83F2-46FC-BFDE-5F84D81BD4EA}.Release|x64.Build.0 = Release|x64
		{8F22429B-83F2-46FC-BFDE-5F84D81BD4EA}.Release|x86.ActiveCfg = Release|Win32
		{8F22429B-83F2-46FC-BFDE-5F84D81BD4EA}.Release|x86.Build.0 = Release|Win32
		{01764801-269E-4E71-A6B6-D7ADCC10192B}.Debug|x64.ActiveCfg = Debug|x64
		{01764801-269E-4E71-A6B6-D7ADCC10192B}.Debug|x64.Build.0 = Debug|x64
		{01764801-269E-4E71-A6B6-D7ADCC10192B}.Debug|x86.ActiveCfg = Debug|Win32
		{01764801-269E-4E71-A6B6-D7ADCC10192B}.Debug|x86.Build.0 = Debug|Win32
		{01764801-269E-4E71-A6B6-D7ADCC10192B}.Release|x64.ActiveCfg = Release|x64
		{01764801-269E-4E71-A6B6-D7ADCC10192B}.Release|x64.Build.0 = Release|x64
		{01764801-269E-4E71-A6B6-D7ADCC10192B}.Release|x86.ActiveCfg = Release|Win32
		{01764801-269E-4E71-A6B6-D7ADCC10192B}.Release|x86.Build.0 = Release|Win32
		{5CB67F98-1CE0-4F59-B323-5EAC75FF1ABD}.Debug|x64.ActiveCfg = Debug|x64
		{5CB67F98-1CE0-4F59-B323-5EAC75FF1ABD}.Debug|x64.Build.0 = Debug|x64
		{5CB67F98-1CE0-4F59-B323-5EAC75FF1ABD}.Debug|x86.ActiveCfg = Debug|Win32
		{5CB67F98-1CE0-4F59-B323-5EAC75FF1ABD}.Debug|x86.Build.0 = Debug|Win32
		{5CB67F98-1CE0-4F59-B323-5EAC75FF1ABD}.Release|x64.ActiveCfg = Release|x64
		{5CB67F98-1CE0-4F59-B323-5EAC75FF1ABD}.Release|x64.Build.0 = Release|x64
		{5CB67F98-1CE0-4F59-B323-5EAC75FF1ABD}.Release|x86.ActiveCfg = Release|Win32
		{5CB67F98-1CE0-4F59-B323-5EAC75FF1ABD}.Release|x86.Build.0 = Release|Win32
		{5A80E87F-7FF8-4915-90C8-1D6DA8AB1B6A}.Debug|x64.ActiveCfg = Debug|x64
		{5A80E87F-7FF8-4915-90C8-1D6DA8AB1B6A}.Debug|x64.Build.0 = Debug|x64
		{5A80E87F-7FF8-4915-90C8-1D6DA8AB1B6A}.Debug|x86.ActiveCfg = Debug|Win32
		{5A80E87F-7FF8-4915-90C8-1D6DA8AB1B6A}.Debug|x86.Build.0 = Debug|Win32
		{5A80E87F-7FF8-4915-90C8-1D6DA8AB1B6A}.Release|x64.ActiveCfg = Release|x64
		{5A80E87F-7FF8-4915-90C8-1D6DA8AB1B6A}.Release|x64.Build.0 = Release|x64
		{5A80E87F-7FF8-4915-90C8-1D6DA8AB1B6A}.Release|x86.ActiveCfg = Release|Win32
		{5A80E87F-7FF8-4915-90C8-1D6DA8AB1B6A}.Release|x86.Build.0 = Release|Win32
		{63E28189-1077-4F0A-83D7-7613ED5F036E}.Debug|x64.ActiveCfg = Debug|x64
		{63E28189-1077-4F0A-83D7-7613ED5F036E}.Debug|x64.Build.0 = Debug|x64
		{63E28189-1077-4F0A-83D7-7613ED5F036E}.Debug|x86.ActiveCfg = Debug|Win32
		{63E28189-1077-4F0A-83D7-7613ED5F036E}.Debug|x86.Build.0 = Debug|Win32
		{63E28189-1077-4F0A-83D7-7613ED5F036E}.Release|x64.ActiveCfg = Release|x64
		{63E28189-1077-4F0A-83D7-7613ED5F036E}.Release|x64.Build.0 = Release|x64
		{63E28189-1077-4F0A-83D7-7613ED5F036E}.Release|x86.ActiveCfg = Release|Win32
		{63E28189-1077-4F0A-83D7-7613ED5F036E}.Release|x86.Build.0 = Release|Win32
		{FFFC9A6F-ADE2-495F-8C40-C3DC99585E4B}.Debug|x64.ActiveCfg = Debug|x64
		{FFFC9A6F-ADE2-495F-8C40-C3DC99585E4B}.Debug|x64.Build.0 = Debug|x64
		{FFFC9A6F-ADE2-495F-8C40-C3DC99585E4B}.Debug|x86.ActiveCfg = Debug|Win32
		{FFFC9A6F-ADE2-495F-8C40-C3DC99585E4B}.Debug|x86.Build.0 = Debug|Win32
		{FFFC9A6F-ADE2-495F-8C40-C3DC99585E4B}.Release|x64.ActiveCfg = Release|x64
		{FFFC9A6F-ADE2-495F-8C40-C3DC99585E4B}.Release|x64.Build.0 = Release|x64
		{FFFC9A6F-ADE2-495F-8C40-C3DC99585E4B}.Release|x86.ActiveCfg = Release|Win32
		{FFFC9A6F-ADE2-495F-8C40-C3DC99585E4B}.Release|x86.Build.0 = Release|Win32
		{A8A89C65-2D36-492D-A456-8C9317FD82CC}.Debug|x64.ActiveCfg = Debug|x64
		{A8A89C65-2D36-492D-A456-8C9317FD82CC}.Debug|x64.Build.0 = Debug|x64
		{A8A89C65-2D36-492D-A456-8C9317FD82CC}.Debug|x86.ActiveCfg = Debug|Win32
		{A8A89C65-2D36-492D-A456-8C9317FD82CC}.Debug|x86.Build.0 = Debug|Win32
		{A8A89C65-2D36-492D-A456-8C9317FD82CC}.Release|x64.ActiveCfg = Release|x64
		{A8A89C65-2D36-492D-A456-8C9317FD82CC}.Release|x64.Build.0 = Release|x64
		{A8A89C65-2D36-492D-A456-8C9317FD82CC}.Release|x86.ActiveCfg = Release|Win32
		{A8A89C65-2D36-492D-A456-8C9317FD82CC}.Release|x86.Build.0 = Release|Win32
	EndGlobalSection
	GlobalSection(SolutionProperties) = preSolution
		HideSolutionNode = FALSE
	EndGlobalSection
	GlobalSection(ExtensibilityGlobals) = postSolution
		SolutionGuid = {C557AA1A-8C32-4FA1-8C51-A5BDEE6DF1FE}
	EndGlobalSection
EndGlobal
